version = 1
revision = 3
requires-python = "==3.13.*"

[[package]]
name = "colorama"
version = "0.4.6"
source = { registry = "https://pypi.org/simple" }
sdist = { url = "https://files.pythonhosted.org/packages/d8/53/6f443c9a4a8358a93a6792e2acffb9d9d5cb0a5cfd8802644b7b1c9a02e4/colorama-0.4.6.tar.gz", hash = "sha256:08695f5cb7ed6e0531a20572697297273c47b8cae5a63ffc6d6ed5c201be6e44", size = 27697, upload-time = "2022-10-25T02:36:22.414Z" }
wheels = [
    { url = "https://files.pythonhosted.org/packages/d1/d6/3965ed04c63042e047cb6a3e6ed1a63a35087b6a609aa3a15ed8ac56c221/colorama-0.4.6-py2.py3-none-any.whl", hash = "sha256:4f1d9991f5acc0ca119f9d443620b77f9d6b33703e51011c16baf57afb285fc6", size = 25335, upload-time = "2022-10-25T02:36:20.889Z" },
]

[[package]]
name = "iniconfig"
version = "2.3.0"
source = { registry = "https://pypi.org/simple" }
sdist = { url = "https://files.pythonhosted.org/packages/72/34/14ca021ce8e5dfedc35312d08ba8bf51fdd999c576889fc2c24cb97f4f10/iniconfig-2.3.0.tar.gz", hash = "sha256:c76315c77db068650d49c5b56314774a7804df16fee4402c1f19d6d15d8c4730", size = 20503, upload-time = "2025-10-18T21:55:43.219Z" }
wheels = [
    { url = "https://files.pythonhosted.org/packages/cb/b1/3846dd7f199d53cb17f49cba7e651e9ce294d8497c8c150530ed11865bb8/iniconfig-2.3.0-py3-none-any.whl", hash = "sha256:f631c04d2c48c52b84d0d0549c99ff3859c98df65b3101406327ecc7d53fbf12", size = 7484, upload-time = "2025-10-18T21:55:41.639Z" },
]

[[package]]
name = "inject"
version = "5.3.0"
source = { registry = "https://pypi.org/simple" }
sdist = { url = "https://files.pythonhosted.org/packages/3e/b6/762d2dac6b587698abde000dc0fe85dfe9cd469cbda8856699a84adee82a/inject-5.3.0.tar.gz", hash = "sha256:bc9db0fe05a42990dbdaf570db085c409bc8d1a9dea6d06143049476b922abba", size = 26482, upload-time = "2025-06-20T10:20:51.825Z" }
wheels = [
    { url = "https://files.pythonhosted.org/packages/98/6e/b00ef8fe9a43aa3a6f5687b710832f0d876c0812bd0ce1c3af3e71bf7dd1/inject-5.3.0-py2.py3-none-any.whl", hash = "sha256:4758eb6c464d3e2badbbf65ac991c64752b05429d6af4c3c0e5b2765efaf7e73", size = 14349, upload-time = "2025-06-20T10:20:50.717Z" },
]

[[package]]
name = "jinja2"
version = "3.1.6"
source = { registry = "https://pypi.org/simple" }
dependencies = [
    { name = "markupsafe" },
]
sdist = { url = "https://files.pythonhosted.org/packages/df/bf/f7da0350254c0ed7c72f3e33cef02e048281fec7ecec5f032d4aac52226b/jinja2-3.1.6.tar.gz", hash = "sha256:0137fb05990d35f1275a587e9aee6d56da821fc83491a0fb838183be43f66d6d", size = 245115, upload-time = "2025-03-05T20:05:02.478Z" }
wheels = [
    { url = "https://files.pythonhosted.org/packages/62/a1/3d680cbfd5f4b8f15abc1d571870c5fc3e594bb582bc3b64ea099db13e56/jinja2-3.1.6-py3-none-any.whl", hash = "sha256:85ece4451f492d0c13c5dd7c13a64681a86afae63a5f347908daf103ce6d2f67", size = 134899, upload-time = "2025-03-05T20:05:00.369Z" },
]

[[package]]
name = "markupsafe"
version = "3.0.3"
source = { registry = "https://pypi.org/simple" }
sdist = { url = "https://files.pythonhosted.org/packages/7e/99/7690b6d4034fffd95959cbe0c02de8deb3098cc577c67bb6a24fe5d7caa7/markupsafe-3.0.3.tar.gz", hash = "sha256:722695808f4b6457b320fdc131280796bdceb04ab50fe1795cd540799ebe1698", size = 80313, upload-time = "2025-09-27T18:37:40.426Z" }
wheels = [
    { url = "https://files.pythonhosted.org/packages/38/2f/907b9c7bbba283e68f20259574b13d005c121a0fa4c175f9bed27c4597ff/markupsafe-3.0.3-cp313-cp313-macosx_10_13_x86_64.whl", hash = "sha256:e1cf1972137e83c5d4c136c43ced9ac51d0e124706ee1c8aa8532c1287fa8795", size = 11622, upload-time = "2025-09-27T18:36:41.777Z" },
    { url = "https://files.pythonhosted.org/packages/9c/d9/5f7756922cdd676869eca1c4e3c0cd0df60ed30199ffd775e319089cb3ed/markupsafe-3.0.3-cp313-cp313-macosx_11_0_arm64.whl", hash = "sha256:116bb52f642a37c115f517494ea5feb03889e04df47eeff5b130b1808ce7c219", size = 12029, upload-time = "2025-09-27T18:36:43.257Z" },
    { url = "https://files.pythonhosted.org/packages/00/07/575a68c754943058c78f30db02ee03a64b3c638586fba6a6dd56830b30a3/markupsafe-3.0.3-cp313-cp313-manylinux2014_aarch64.manylinux_2_17_aarch64.manylinux_2_28_aarch64.whl", hash = "sha256:133a43e73a802c5562be9bbcd03d090aa5a1fe899db609c29e8c8d815c5f6de6", size = 24374, upload-time = "2025-09-27T18:36:44.508Z" },
    { url = "https://files.pythonhosted.org/packages/a9/21/9b05698b46f218fc0e118e1f8168395c65c8a2c750ae2bab54fc4bd4e0e8/markupsafe-3.0.3-cp313-cp313-manylinux2014_x86_64.manylinux_2_17_x86_64.manylinux_2_28_x86_64.whl", hash = "sha256:ccfcd093f13f0f0b7fdd0f198b90053bf7b2f02a3927a30e63f3ccc9df56b676", size = 22980, upload-time = "2025-09-27T18:36:45.385Z" },
    { url = "https://files.pythonhosted.org/packages/7f/71/544260864f893f18b6827315b988c146b559391e6e7e8f7252839b1b846a/markupsafe-3.0.3-cp313-cp313-manylinux_2_31_riscv64.manylinux_2_39_riscv64.whl", hash = "sha256:509fa21c6deb7a7a273d629cf5ec029bc209d1a51178615ddf718f5918992ab9", size = 21990, upload-time = "2025-09-27T18:36:46.916Z" },
    { url = "https://files.pythonhosted.org/packages/c2/28/b50fc2f74d1ad761af2f5dcce7492648b983d00a65b8c0e0cb457c82ebbe/markupsafe-3.0.3-cp313-cp313-musllinux_1_2_aarch64.whl", hash = "sha256:a4afe79fb3de0b7097d81da19090f4df4f8d3a2b3adaa8764138aac2e44f3af1", size = 23784, upload-time = "2025-09-27T18:36:47.884Z" },
    { url = "https://files.pythonhosted.org/packages/ed/76/104b2aa106a208da8b17a2fb72e033a5a9d7073c68f7e508b94916ed47a9/markupsafe-3.0.3-cp313-cp313-musllinux_1_2_riscv64.whl", hash = "sha256:795e7751525cae078558e679d646ae45574b47ed6e7771863fcc079a6171a0fc", size = 21588, upload-time = "2025-09-27T18:36:48.82Z" },
    { url = "https://files.pythonhosted.org/packages/b5/99/16a5eb2d140087ebd97180d95249b00a03aa87e29cc224056274f2e45fd6/markupsafe-3.0.3-cp313-cp313-musllinux_1_2_x86_64.whl", hash = "sha256:8485f406a96febb5140bfeca44a73e3ce5116b2501ac54fe953e488fb1d03b12", size = 23041, upload-time = "2025-09-27T18:36:49.797Z" },
    { url = "https://files.pythonhosted.org/packages/19/bc/e7140ed90c5d61d77cea142eed9f9c303f4c4806f60a1044c13e3f1471d0/markupsafe-3.0.3-cp313-cp313-win32.whl", hash = "sha256:bdd37121970bfd8be76c5fb069c7751683bdf373db1ed6c010162b2a130248ed", size = 14543, upload-time = "2025-09-27T18:36:51.584Z" },
    { url = "https://files.pythonhosted.org/packages/05/73/c4abe620b841b6b791f2edc248f556900667a5a1cf023a6646967ae98335/markupsafe-3.0.3-cp313-cp313-win_amd64.whl", hash = "sha256:9a1abfdc021a164803f4d485104931fb8f8c1efd55bc6b748d2f5774e78b62c5", size = 15113, upload-time = "2025-09-27T18:36:52.537Z" },
    { url = "https://files.pythonhosted.org/packages/f0/3a/fa34a0f7cfef23cf9500d68cb7c32dd64ffd58a12b09225fb03dd37d5b80/markupsafe-3.0.3-cp313-cp313-win_arm64.whl", hash = "sha256:7e68f88e5b8799aa49c85cd116c932a1ac15caaa3f5db09087854d218359e485", size = 13911, upload-time = "2025-09-27T18:36:53.513Z" },
    { url = "https://files.pythonhosted.org/packages/e4/d7/e05cd7efe43a88a17a37b3ae96e79a19e846f3f456fe79c57ca61356ef01/markupsafe-3.0.3-cp313-cp313t-macosx_10_13_x86_64.whl", hash = "sha256:218551f6df4868a8d527e3062d0fb968682fe92054e89978594c28e642c43a73", size = 11658, upload-time = "2025-09-27T18:36:54.819Z" },
    { url = "https://files.pythonhosted.org/packages/99/9e/e412117548182ce2148bdeacdda3bb494260c0b0184360fe0d56389b523b/markupsafe-3.0.3-cp313-cp313t-macosx_11_0_arm64.whl", hash = "sha256:3524b778fe5cfb3452a09d31e7b5adefeea8c5be1d43c4f810ba09f2ceb29d37", size = 12066, upload-time = "2025-09-27T18:36:55.714Z" },
    { url = "https://files.pythonhosted.org/packages/bc/e6/fa0ffcda717ef64a5108eaa7b4f5ed28d56122c9a6d70ab8b72f9f715c80/markupsafe-3.0.3-cp313-cp313t-manylinux2014_aarch64.manylinux_2_17_aarch64.manylinux_2_28_aarch64.whl", hash = "sha256:4e885a3d1efa2eadc93c894a21770e4bc67899e3543680313b09f139e149ab19", size = 25639, upload-time = "2025-09-27T18:36:56.908Z" },
    { url = "https://files.pythonhosted.org/packages/96/ec/2102e881fe9d25fc16cb4b25d5f5cde50970967ffa5dddafdb771237062d/markupsafe-3.0.3-cp313-cp313t-manylinux2014_x86_64.manylinux_2_17_x86_64.manylinux_2_28_x86_64.whl", hash = "sha256:8709b08f4a89aa7586de0aadc8da56180242ee0ada3999749b183aa23df95025", size = 23569, upload-time = "2025-09-27T18:36:57.913Z" },
    { url = "https://files.pythonhosted.org/packages/4b/30/6f2fce1f1f205fc9323255b216ca8a235b15860c34b6798f810f05828e32/markupsafe-3.0.3-cp313-cp313t-manylinux_2_31_riscv64.manylinux_2_39_riscv64.whl", hash = "sha256:b8512a91625c9b3da6f127803b166b629725e68af71f8184ae7e7d54686a56d6", size = 23284, upload-time = "2025-09-27T18:36:58.833Z" },
    { url = "https://files.pythonhosted.org/packages/58/47/4a0ccea4ab9f5dcb6f79c0236d954acb382202721e704223a8aafa38b5c8/markupsafe-3.0.3-cp313-cp313t-musllinux_1_2_aarch64.whl", hash = "sha256:9b79b7a16f7fedff2495d684f2b59b0457c3b493778c9eed31111be64d58279f", size = 24801, upload-time = "2025-09-27T18:36:59.739Z" },
    { url = "https://files.pythonhosted.org/packages/6a/70/3780e9b72180b6fecb83a4814d84c3bf4b4ae4bf0b19c27196104149734c/markupsafe-3.0.3-cp313-cp313t-musllinux_1_2_riscv64.whl", hash = "sha256:12c63dfb4a98206f045aa9563db46507995f7ef6d83b2f68eda65c307c6829eb", size = 22769, upload-time = "2025-09-27T18:37:00.719Z" },
    { url = "https://files.pythonhosted.org/packages/98/c5/c03c7f4125180fc215220c035beac6b9cb684bc7a067c84fc69414d315f5/markupsafe-3.0.3-cp313-cp313t-musllinux_1_2_x86_64.whl", hash = "sha256:8f71bc33915be5186016f675cd83a1e08523649b0e33efdb898db577ef5bb009", size = 23642, upload-time = "2025-09-27T18:37:01.673Z" },
    { url = "https://files.pythonhosted.org/packages/80/d6/2d1b89f6ca4bff1036499b1e29a1d02d282259f3681540e16563f27ebc23/markupsafe-3.0.3-cp313-cp313t-win32.whl", hash = "sha256:69c0b73548bc525c8cb9a251cddf1931d1db4d2258e9599c28c07ef3580ef354", size = 14612, upload-time = "2025-09-27T18:37:02.639Z" },
    { url = "https://files.pythonhosted.org/packages/2b/98/e48a4bfba0a0ffcf9925fe2d69240bfaa19c6f7507b8cd09c70684a53c1e/markupsafe-3.0.3-cp313-cp313t-win_amd64.whl", hash = "sha256:1b4b79e8ebf6b55351f0d91fe80f893b4743f104bff22e90697db1590e47a218", size = 15200, upload-time = "2025-09-27T18:37:03.582Z" },
    { url = "https://files.pythonhosted.org/packages/0e/72/e3cc540f351f316e9ed0f092757459afbc595824ca724cbc5a5d4263713f/markupsafe-3.0.3-cp313-cp313t-win_arm64.whl", hash = "sha256:ad2cf8aa28b8c020ab2fc8287b0f823d0a7d8630784c31e9ee5edea20f406287", size = 13973, upload-time = "2025-09-27T18:37:04.929Z" },
]

[[package]]
name = "materialyoucolor"
version = "3.0.2"
source = { registry = "https://pypi.org/simple" }
dependencies = [
    { name = "pillow" },
]
sdist = { url = "https://files.pythonhosted.org/packages/c0/47/2db3504a71e6e7bdad8e4dfdcf4b62a575cb4229c32a3a612062b39cf6cc/materialyoucolor-3.0.2.tar.gz", hash = "sha256:e2c892ae23dc0732c32307682002884616a282de5a350088aacc23cdf885e822", size = 127051, upload-time = "2026-02-22T07:19:30.297Z" }
wheels = [
    { url = "https://files.pythonhosted.org/packages/4b/94/da86904173a5af7c6af33cefb47365f68e2769f740442d5aaa676fce52ed/materialyoucolor-3.0.2-cp313-cp313-macosx_10_13_x86_64.whl", hash = "sha256:311c1484832c00b8be7ef7781e3fc9e6f17b311f899f6657f4523a1ae067d168", size = 214334, upload-time = "2026-02-22T07:09:34.328Z" },
    { url = "https://files.pythonhosted.org/packages/d2/42/a12606b88d0d991276bfcd8084e66e06c302d3713db3f8929a0be99e9244/materialyoucolor-3.0.2-cp313-cp313-macosx_11_0_arm64.whl", hash = "sha256:fe03cf51df6e21acf1986810052cf35fed3fbc759c1ab0d7c5a9730ee2890029", size = 203527, upload-time = "2026-02-22T07:09:35.587Z" },
    { url = "https://files.pythonhosted.org/packages/d8/58/a030f46147f3847c7cd3dcda2bc2c362f7275b771ff61e622c547c29f63a/materialyoucolor-3.0.2-cp313-cp313-manylinux_2_27_x86_64.manylinux_2_28_x86_64.whl", hash = "sha256:c4d302e0b309d9b45548074c8a348903733df8bc4101283dc969f0ff157afde5", size = 233604, upload-time = "2026-02-22T07:09:37.061Z" },
    { url = "https://files.pythonhosted.org/packages/ac/e6/8d83bd8366300a79b7d529ad65cb523f904481a45c9a7720705174f81352/materialyoucolor-3.0.2-cp313-cp313-musllinux_1_2_x86_64.whl", hash = "sha256:92c56bf78cd7008a925b9a928c2784e30266b3c6a56e5a481f627d51c82ed2f8", size = 1265500, upload-time = "2026-02-22T07:09:38.549Z" },
    { url = "https://files.pythonhosted.org/packages/07/cc/5b3252893277c03ee231d147ce877e5a348b60c628b185433f9e75c40b9d/materialyoucolor-3.0.2-cp313-cp313-win32.whl", hash = "sha256:8fa0ae5ea849b0d120e998b157605aa098b1388a035ecd019c8424fd14fc23b9", size = 161307, upload-time = "2026-02-22T07:09:39.874Z" },
    { url = "https://files.pythonhosted.org/packages/55/02/f7c7a953b33f64979b97c02bccb0b23226a433d55e5696193e27cdb923c7/materialyoucolor-3.0.2-cp313-cp313-win_amd64.whl", hash = "sha256:32048938b7735fdb8496fcc6561a5a0c04f74160f8f41674f08304b0942740e7", size = 177237, upload-time = "2026-02-22T07:09:41.437Z" },
]

[[package]]
name = "mpv"
version = "1.0.8"
source = { registry = "https://pypi.org/simple" }
sdist = { url = "https://files.pythonhosted.org/packages/e3/d2/4ede498dff29520abb40d2b197bcb4188db4a03981d734ceb990a6532260/mpv-1.0.8.tar.gz", hash = "sha256:95dbd4d869cd8de7a27914ad33e776accc0f01cb82a6d5b31ca439ade2208ffb", size = 48014, upload-time = "2025-04-25T09:51:19.031Z" }
wheels = [
    { url = "https://files.pythonhosted.org/packages/f4/cf/0d5f52753366ecf2c3d763e331dcda54b0f20a1a8e52b175feb9c625399d/mpv-1.0.8-py3-none-any.whl", hash = "sha256:dcf77f612e3f5ce49bd89393f37d286de7ac290db6b0800f1fdcfe0aeb5ba9b8", size = 46078, upload-time = "2025-04-25T09:51:17.087Z" },
]

[[package]]
name = "mpvqc"
version = "0.9.0b3"
source = { virtual = "." }
dependencies = [
    { name = "inject" },
    { name = "jinja2" },
    { name = "mpv" },
    { name = "pyside6-essentials" },
    { name = "pywin32", marker = "sys_platform == 'win32'" },
]

[package.dev-dependencies]
dev = [
    { name = "materialyoucolor" },
    { name = "prek" },
    { name = "pyrefly" },
    { name = "pytest" },
]

[package.metadata]
requires-dist = [
    { name = "inject", specifier = ">=5.3.0" },
    { name = "jinja2", specifier = ">=3.1.6" },
    { name = "mpv", specifier = ">=1.0.8" },
    { name = "pyside6-essentials", specifier = "==6.11.0" },
    { name = "pywin32", marker = "sys_platform == 'win32'", specifier = ">=311" },
]

[package.metadata.requires-dev]
dev = [
    { name = "materialyoucolor", specifier = ">=3.0.2" },
    { name = "prek", specifier = ">=0.3.8" },
    { name = "pyrefly", specifier = ">=0.59.1" },
    { name = "pytest", specifier = ">=9.0.2" },
]

[[package]]
name = "packaging"
version = "26.0"
source = { registry = "https://pypi.org/simple" }
sdist = { url = "https://files.pythonhosted.org/packages/65/ee/299d360cdc32edc7d2cf530f3accf79c4fca01e96ffc950d8a52213bd8e4/packaging-26.0.tar.gz", hash = "sha256:00243ae351a257117b6a241061796684b084ed1c516a08c48a3f7e147a9d80b4", size = 143416, upload-time = "2026-01-21T20:50:39.064Z" }
wheels = [
    { url = "https://files.pythonhosted.org/packages/b7/b9/c538f279a4e237a006a2c98387d081e9eb060d203d8ed34467cc0f0b9b53/packaging-26.0-py3-none-any.whl", hash = "sha256:b36f1fef9334a5588b4166f8bcd26a14e521f2b55e6b9de3aaa80d3ff7a37529", size = 74366, upload-time = "2026-01-21T20:50:37.788Z" },
]

[[package]]
name = "pillow"
version = "12.2.0"
source = { registry = "https://pypi.org/simple" }
sdist = { url = "https://files.pythonhosted.org/packages/8c/21/c2bcdd5906101a30244eaffc1b6e6ce71a31bd0742a01eb89e660ebfac2d/pillow-12.2.0.tar.gz", hash = "sha256:a830b1a40919539d07806aa58e1b114df53ddd43213d9c8b75847eee6c0182b5", size = 46987819, upload-time = "2026-04-01T14:46:17.687Z" }
wheels = [
    { url = "https://files.pythonhosted.org/packages/4a/01/53d10cf0dbad820a8db274d259a37ba50b88b24768ddccec07355382d5ad/pillow-12.2.0-cp313-cp313-ios_13_0_arm64_iphoneos.whl", hash = "sha256:8297651f5b5679c19968abefd6bb84d95fe30ef712eb1b2d9b2d31ca61267f4c", size = 4100837, upload-time = "2026-04-01T14:43:41.506Z" },
    { url = "https://files.pythonhosted.org/packages/0f/98/f3a6657ecb698c937f6c76ee564882945f29b79bad496abcba0e84659ec5/pillow-12.2.0-cp313-cp313-ios_13_0_arm64_iphonesimulator.whl", hash = "sha256:50d8520da2a6ce0af445fa6d648c4273c3eeefbc32d7ce049f22e8b5c3daecc2", size = 4176528, upload-time = "2026-04-01T14:43:43.773Z" },
    { url = "https://files.pythonhosted.org/packages/69/bc/8986948f05e3ea490b8442ea1c1d4d990b24a7e43d8a51b2c7d8b1dced36/pillow-12.2.0-cp313-cp313-ios_13_0_x86_64_iphonesimulator.whl", hash = "sha256:766cef22385fa1091258ad7e6216792b156dc16d8d3fa607e7545b2b72061f1c", size = 3640401, upload-time = "2026-04-01T14:43:45.87Z" },
    { url = "https://files.pythonhosted.org/packages/34/46/6c717baadcd62bc8ed51d238d521ab651eaa74838291bda1f86fe1f864c9/pillow-12.2.0-cp313-cp313-macosx_10_13_x86_64.whl", hash = "sha256:5d2fd0fa6b5d9d1de415060363433f28da8b1526c1c129020435e186794b3795", size = 5308094, upload-time = "2026-04-01T14:43:48.438Z" },
    { url = "https://files.pythonhosted.org/packages/71/43/905a14a8b17fdb1ccb58d282454490662d2cb89a6bfec26af6d3520da5ec/pillow-12.2.0-cp313-cp313-macosx_11_0_arm64.whl", hash = "sha256:56b25336f502b6ed02e889f4ece894a72612fe885889a6e8c4c80239ff6e5f5f", size = 4695402, upload-time = "2026-04-01T14:43:51.292Z" },
    { url = "https://files.pythonhosted.org/packages/73/dd/42107efcb777b16fa0393317eac58f5b5cf30e8392e266e76e51cff28c3d/pillow-12.2.0-cp313-cp313-manylinux2014_aarch64.manylinux_2_17_aarch64.whl", hash = "sha256:f1c943e96e85df3d3478f7b691f229887e143f81fedab9b20205349ab04d73ed", size = 6280005, upload-time = "2026-04-01T14:43:54.242Z" },
    { url = "https://files.pythonhosted.org/packages/a8/68/b93e09e5e8549019e61acf49f65b1a8530765a7f812c77a7461bca7e4494/pillow-12.2.0-cp313-cp313-manylinux2014_x86_64.manylinux_2_17_x86_64.whl", hash = "sha256:03f6fab9219220f041c74aeaa2939ff0062bd5c364ba9ce037197f4c6d498cd9", size = 8090669, upload-time = "2026-04-01T14:43:57.335Z" },
    { url = "https://files.pythonhosted.org/packages/4b/6e/3ccb54ce8ec4ddd1accd2d89004308b7b0b21c4ac3d20fa70af4760a4330/pillow-12.2.0-cp313-cp313-manylinux_2_27_aarch64.manylinux_2_28_aarch64.whl", hash = "sha256:5cdfebd752ec52bf5bb4e35d9c64b40826bc5b40a13df7c3cda20a2c03a0f5ed", size = 6395194, upload-time = "2026-04-01T14:43:59.864Z" },
    { url = "https://files.pythonhosted.org/packages/67/ee/21d4e8536afd1a328f01b359b4d3997b291ffd35a237c877b331c1c3b71c/pillow-12.2.0-cp313-cp313-manylinux_2_27_x86_64.manylinux_2_28_x86_64.whl", hash = "sha256:eedf4b74eda2b5a4b2b2fb4c006d6295df3bf29e459e198c90ea48e130dc75c3", size = 7082423, upload-time = "2026-04-01T14:44:02.74Z" },
    { url = "https://files.pythonhosted.org/packages/78/5f/e9f86ab0146464e8c133fe85df987ed9e77e08b29d8d35f9f9f4d6f917ba/pillow-12.2.0-cp313-cp313-musllinux_1_2_aarch64.whl", hash = "sha256:00a2865911330191c0b818c59103b58a5e697cae67042366970a6b6f1b20b7f9", size = 6505667, upload-time = "2026-04-01T14:44:05.381Z" },
    { url = "https://files.pythonhosted.org/packages/ed/1e/409007f56a2fdce61584fd3acbc2bbc259857d555196cedcadc68c015c82/pillow-12.2.0-cp313-cp313-musllinux_1_2_x86_64.whl", hash = "sha256:1e1757442ed87f4912397c6d35a0db6a7b52592156014706f17658ff58bbf795", size = 7208580, upload-time = "2026-04-01T14:44:08.39Z" },
    { url = "https://files.pythonhosted.org/packages/23/c4/7349421080b12fb35414607b8871e9534546c128a11965fd4a7002ccfbee/pillow-12.2.0-cp313-cp313-win32.whl", hash = "sha256:144748b3af2d1b358d41286056d0003f47cb339b8c43a9ea42f5fea4d8c66b6e", size = 6375896, upload-time = "2026-04-01T14:44:11.197Z" },
    { url = "https://files.pythonhosted.org/packages/3f/82/8a3739a5e470b3c6cbb1d21d315800d8e16bff503d1f16b03a4ec3212786/pillow-12.2.0-cp313-cp313-win_amd64.whl", hash = "sha256:390ede346628ccc626e5730107cde16c42d3836b89662a115a921f28440e6a3b", size = 7081266, upload-time = "2026-04-01T14:44:13.947Z" },
    { url = "https://files.pythonhosted.org/packages/c3/25/f968f618a062574294592f668218f8af564830ccebdd1fa6200f598e65c5/pillow-12.2.0-cp313-cp313-win_arm64.whl", hash = "sha256:8023abc91fba39036dbce14a7d6535632f99c0b857807cbbbf21ecc9f4717f06", size = 2463508, upload-time = "2026-04-01T14:44:16.312Z" },
    { url = "https://files.pythonhosted.org/packages/4d/a4/b342930964e3cb4dce5038ae34b0eab4653334995336cd486c5a8c25a00c/pillow-12.2.0-cp313-cp313t-macosx_10_13_x86_64.whl", hash = "sha256:042db20a421b9bafecc4b84a8b6e444686bd9d836c7fd24542db3e7df7baad9b", size = 5309927, upload-time = "2026-04-01T14:44:18.89Z" },
    { url = "https://files.pythonhosted.org/packages/9f/de/23198e0a65a9cf06123f5435a5d95cea62a635697f8f03d134d3f3a96151/pillow-12.2.0-cp313-cp313t-macosx_11_0_arm64.whl", hash = "sha256:dd025009355c926a84a612fecf58bb315a3f6814b17ead51a8e48d3823d9087f", size = 4698624, upload-time = "2026-04-01T14:44:21.115Z" },
    { url = "https://files.pythonhosted.org/packages/01/a6/1265e977f17d93ea37aa28aa81bad4fa597933879fac2520d24e021c8da3/pillow-12.2.0-cp313-cp313t-manylinux2014_aarch64.manylinux_2_17_aarch64.whl", hash = "sha256:88ddbc66737e277852913bd1e07c150cc7bb124539f94c4e2df5344494e0a612", size = 6321252, upload-time = "2026-04-01T14:44:23.663Z" },
    { url = "https://files.pythonhosted.org/packages/3c/83/5982eb4a285967baa70340320be9f88e57665a387e3a53a7f0db8231a0cd/pillow-12.2.0-cp313-cp313t-manylinux2014_x86_64.manylinux_2_17_x86_64.whl", hash = "sha256:d362d1878f00c142b7e1a16e6e5e780f02be8195123f164edf7eddd911eefe7c", size = 8126550, upload-time = "2026-04-01T14:44:26.772Z" },
    { url = "https://files.pythonhosted.org/packages/4e/48/6ffc514adce69f6050d0753b1a18fd920fce8cac87620d5a31231b04bfc5/pillow-12.2.0-cp313-cp313t-manylinux_2_27_aarch64.manylinux_2_28_aarch64.whl", hash = "sha256:2c727a6d53cb0018aadd8018c2b938376af27914a68a492f59dfcaca650d5eea", size = 6433114, upload-time = "2026-04-01T14:44:29.615Z" },
    { url = "https://files.pythonhosted.org/packages/36/a3/f9a77144231fb8d40ee27107b4463e205fa4677e2ca2548e14da5cf18dce/pillow-12.2.0-cp313-cp313t-manylinux_2_27_x86_64.manylinux_2_28_x86_64.whl", hash = "sha256:efd8c21c98c5cc60653bcb311bef2ce0401642b7ce9d09e03a7da87c878289d4", size = 7115667, upload-time = "2026-04-01T14:44:32.773Z" },
    { url = "https://files.pythonhosted.org/packages/c1/fc/ac4ee3041e7d5a565e1c4fd72a113f03b6394cc72ab7089d27608f8aaccb/pillow-12.2.0-cp313-cp313t-musllinux_1_2_aarch64.whl", hash = "sha256:9f08483a632889536b8139663db60f6724bfcb443c96f1b18855860d7d5c0fd4", size = 6538966, upload-time = "2026-04-01T14:44:35.252Z" },
    { url = "https://files.pythonhosted.org/packages/c0/a8/27fb307055087f3668f6d0a8ccb636e7431d56ed0750e07a60547b1e083e/pillow-12.2.0-cp313-cp313t-musllinux_1_2_x86_64.whl", hash = "sha256:dac8d77255a37e81a2efcbd1fc05f1c15ee82200e6c240d7e127e25e365c39ea", size = 7238241, upload-time = "2026-04-01T14:44:37.875Z" },
    { url = "https://files.pythonhosted.org/packages/ad/4b/926ab182c07fccae9fcb120043464e1ff1564775ec8864f21a0ebce6ac25/pillow-12.2.0-cp313-cp313t-win32.whl", hash = "sha256:ee3120ae9dff32f121610bb08e4313be87e03efeadfc6c0d18f89127e24d0c24", size = 6379592, upload-time = "2026-04-01T14:44:40.336Z" },
    { url = "https://files.pythonhosted.org/packages/c2/c4/f9e476451a098181b30050cc4c9a3556b64c02cf6497ea421ac047e89e4b/pillow-12.2.0-cp313-cp313t-win_amd64.whl", hash = "sha256:325ca0528c6788d2a6c3d40e3568639398137346c3d6e66bb61db96b96511c98", size = 7085542, upload-time = "2026-04-01T14:44:43.251Z" },
    { url = "https://files.pythonhosted.org/packages/00/a4/285f12aeacbe2d6dc36c407dfbbe9e96d4a80b0fb710a337f6d2ad978c75/pillow-12.2.0-cp313-cp313t-win_arm64.whl", hash = "sha256:2e5a76d03a6c6dcef67edabda7a52494afa4035021a79c8558e14af25313d453", size = 2465765, upload-time = "2026-04-01T14:44:45.996Z" },
]

[[package]]
name = "pluggy"
version = "1.6.0"
source = { registry = "https://pypi.org/simple" }
sdist = { url = "https://files.pythonhosted.org/packages/f9/e2/3e91f31a7d2b083fe6ef3fa267035b518369d9511ffab804f839851d2779/pluggy-1.6.0.tar.gz", hash = "sha256:7dcc130b76258d33b90f61b658791dede3486c3e6bfb003ee5c9bfb396dd22f3", size = 69412, upload-time = "2025-05-15T12:30:07.975Z" }
wheels = [
    { url = "https://files.pythonhosted.org/packages/54/20/4d324d65cc6d9205fabedc306948156824eb9f0ee1633355a8f7ec5c66bf/pluggy-1.6.0-py3-none-any.whl", hash = "sha256:e920276dd6813095e9377c0bc5566d94c932c33b27a3e3945d8389c374dd4746", size = 20538, upload-time = "2025-05-15T12:30:06.134Z" },
]

[[package]]
name = "prek"
version = "0.3.8"
source = { registry = "https://pypi.org/simple" }
sdist = { url = "https://files.pythonhosted.org/packages/62/ee/03e8180e3fda9de25b6480bd15cc2bde40d573868d50648b0e527b35562f/prek-0.3.8.tar.gz", hash = "sha256:434a214256516f187a3ab15f869d950243be66b94ad47987ee4281b69643a2d9", size = 400224, upload-time = "2026-03-23T08:23:35.981Z" }
wheels = [
    { url = "https://files.pythonhosted.org/packages/00/84/40d2ddf362d12c4cd4a25a8c89a862edf87cdfbf1422aa41aac8e315d409/prek-0.3.8-py3-none-linux_armv6l.whl", hash = "sha256:6fb646ada60658fa6dd7771b2e0fb097f005151be222f869dada3eb26d79ed33", size = 5226646, upload-time = "2026-03-23T08:23:18.306Z" },
    { url = "https://files.pythonhosted.org/packages/e1/52/7308a033fa43b7e8e188797bd2b3b017c0f0adda70fa7af575b1f43ea888/prek-0.3.8-py3-none-macosx_10_12_x86_64.whl", hash = "sha256:f3d7fdadb15efc19c09953c7a33cf2061a70f367d1e1957358d3ad5cc49d0616", size = 5620104, upload-time = "2026-03-23T08:23:40.053Z" },
    { url = "https://files.pythonhosted.org/packages/ff/b1/f106ac000a91511a9cd80169868daf2f5b693480ef5232cec5517a38a512/prek-0.3.8-py3-none-macosx_11_0_arm64.whl", hash = "sha256:72728c3295e79ca443f8c1ec037d2a5b914ec73a358f69cf1bc1964511876bf8", size = 5199867, upload-time = "2026-03-23T08:23:38.066Z" },
    { url = "https://files.pythonhosted.org/packages/b3/e9/970713f4b019f69de9844e1bab37b8ddb67558e410916f4eb5869a696165/prek-0.3.8-py3-none-manylinux_2_17_aarch64.manylinux2014_aarch64.musllinux_1_1_aarch64.whl", hash = "sha256:48efc28f2f53b5b8087efca9daaed91572d62df97d5f24a1c7a087fecb5017de", size = 5441801, upload-time = "2026-03-23T08:23:32.617Z" },
    { url = "https://files.pythonhosted.org/packages/12/a4/7ef44032b181753e19452ec3b09abb3a32607cf6b0a0508f0604becaaf2b/prek-0.3.8-py3-none-manylinux_2_17_armv7l.manylinux2014_armv7l.whl", hash = "sha256:f6ca9d63bacbc448a5c18e955c78d3ac5176c3a17c3baacdd949b1a623e08a36", size = 5155107, upload-time = "2026-03-23T08:23:31.021Z" },
    { url = "https://files.pythonhosted.org/packages/bd/77/4d9c8985dbba84149760785dfe07093ea1e29d710257dfb7c89615e2234c/prek-0.3.8-py3-none-manylinux_2_17_i686.manylinux2014_i686.whl", hash = "sha256:1000f7029696b4fe712fb1fefd4c55b9c4de72b65509c8e50296370a06f9dc3f", size = 5566541, upload-time = "2026-03-23T08:23:45.694Z" },
    { url = "https://files.pythonhosted.org/packages/1a/1a/81e6769ac1f7f8346d09ce2ab0b47cf06466acd9ff72e87e5d1f0d98cd32/prek-0.3.8-py3-none-manylinux_2_17_s390x.manylinux2014_s390x.whl", hash = "sha256:6ff0bed0e2c1286522987d982168a86cbbd0d069d840506a46c9fda983515517", size = 6552991, upload-time = "2026-03-23T08:23:21.958Z" },
    { url = "https://files.pythonhosted.org/packages/6f/fa/ce2df0dd2dc75a9437a52463239d0782998943d7b04e191fb89b83016c34/prek-0.3.8-py3-none-manylinux_2_17_x86_64.manylinux2014_x86_64.whl", hash = "sha256:4fb087ac0ffda3ac65bbbae9a38326a7fd27ee007bb4a94323ce1eb539d8bbec", size = 5832972, upload-time = "2026-03-23T08:23:20.258Z" },
    { url = "https://files.pythonhosted.org/packages/18/6b/9d4269df9073216d296244595a21c253b6475dfc9076c0bd2906be7a436c/prek-0.3.8-py3-none-manylinux_2_28_aarch64.whl", hash = "sha256:2e1e5e206ff7b31bd079cce525daddc96cd6bc544d20dc128921ad92f7a4c85d", size = 5448371, upload-time = "2026-03-23T08:23:41.835Z" },
    { url = "https://files.pythonhosted.org/packages/60/1d/1e4d8a78abefa5b9d086e5a9f1638a74b5e540eec8a648d9946707701f29/prek-0.3.8-py3-none-manylinux_2_31_riscv64.whl", hash = "sha256:dcea3fe23832a4481bccb7c45f55650cb233be7c805602e788bb7dba60f2d861", size = 5270546, upload-time = "2026-03-23T08:23:24.231Z" },
    { url = "https://files.pythonhosted.org/packages/77/07/34f36551a6319ae36e272bea63a42f59d41d2d47ab0d5fb00eb7b4e88e87/prek-0.3.8-py3-none-musllinux_1_1_armv7l.whl", hash = "sha256:4d25e647e9682f6818ab5c31e7a4b842993c14782a6ffcd128d22b784e0d677f", size = 5124032, upload-time = "2026-03-23T08:23:26.368Z" },
    { url = "https://files.pythonhosted.org/packages/e3/01/6d544009bb655e709993411796af77339f439526db4f3b3509c583ad8eb9/prek-0.3.8-py3-none-musllinux_1_1_i686.whl", hash = "sha256:de528b82935e33074815acff3c7c86026754d1212136295bc88fe9c43b4231d5", size = 5432245, upload-time = "2026-03-23T08:23:47.877Z" },
    { url = "https://files.pythonhosted.org/packages/54/96/1237ee269e9bfa283ffadbcba1f401f48a47aed2b2563eb1002740d6079d/prek-0.3.8-py3-none-musllinux_1_1_x86_64.whl", hash = "sha256:6d660f1c25a126e6d9f682fe61449441226514f412a4469f5d71f8f8cad56db2", size = 5950550, upload-time = "2026-03-23T08:23:43.8Z" },
    { url = "https://files.pythonhosted.org/packages/ca/6b/a574411459049bc691047c9912f375deda10c44a707b6ce98df2b658f0b3/prek-0.3.8-py3-none-win32.whl", hash = "sha256:b0c291c577615d9f8450421dff0b32bfd77a6b0d223ee4115a1f820cb636fdf1", size = 4949501, upload-time = "2026-03-23T08:23:16.338Z" },
    { url = "https://files.pythonhosted.org/packages/0c/b4/46b59fe49f635acd9f6530778ce577f9d8b49452835726a5311ffc902c67/prek-0.3.8-py3-none-win_amd64.whl", hash = "sha256:bc147fdbdd4ec33fc7a987b893ecb69b1413ac100d95c9889a70f3fd58c73d06", size = 5346551, upload-time = "2026-03-23T08:23:34.501Z" },
    { url = "https://files.pythonhosted.org/packages/53/05/9cca1708bb8c65264124eb4b04251e0f65ce5bfc707080bb6b492d5a0df7/prek-0.3.8-py3-none-win_arm64.whl", hash = "sha256:a2614647aeafa817a5802ccb9561e92eedc20dcf840639a1b00826e2c2442515", size = 5190872, upload-time = "2026-03-23T08:23:29.463Z" },
]

[[package]]
name = "pygments"
version = "2.20.0"
source = { registry = "https://pypi.org/simple" }
sdist = { url = "https://files.pythonhosted.org/packages/c3/b2/bc9c9196916376152d655522fdcebac55e66de6603a76a02bca1b6414f6c/pygments-2.20.0.tar.gz", hash = "sha256:6757cd03768053ff99f3039c1a36d6c0aa0b263438fcab17520b30a303a82b5f", size = 4955991, upload-time = "2026-03-29T13:29:33.898Z" }
wheels = [
    { url = "https://files.pythonhosted.org/packages/f4/7e/a72dd26f3b0f4f2bf1dd8923c85f7ceb43172af56d63c7383eb62b332364/pygments-2.20.0-py3-none-any.whl", hash = "sha256:81a9e26dd42fd28a23a2d169d86d7ac03b46e2f8b59ed4698fb4785f946d0176", size = 1231151, upload-time = "2026-03-29T13:29:30.038Z" },
]

[[package]]
name = "pyrefly"
version = "0.59.1"
source = { registry = "https://pypi.org/simple" }
sdist = { url = "https://files.pythonhosted.org/packages/d5/ce/7882c2af92b2ff6505fcd3430eff8048ece6c6254cc90bdc76ecee12dfab/pyrefly-0.59.1.tar.gz", hash = "sha256:bf1675b0c38d45df2c8f8618cbdfa261a1b92430d9d31eba16e0282b551e210f", size = 5475432, upload-time = "2026-04-01T22:04:04.11Z" }
wheels = [
    { url = "https://files.pythonhosted.org/packages/d0/10/04a0e05b08fc855b6fe38c3df549925fc3c2c6e750506870de7335d3e1f7/pyrefly-0.59.1-py3-none-macosx_10_12_x86_64.whl", hash = "sha256:390db3cd14aa7e0268e847b60cd9ee18b04273eddfa38cf341ed3bb43f3fef2a", size = 12868133, upload-time = "2026-04-01T22:03:39.436Z" },
    { url = "https://files.pythonhosted.org/packages/c7/78/fa7be227c3e3fcacee501c1562278dd026186ffd1b5b5beb51d3941a3aed/pyrefly-0.59.1-py3-none-macosx_11_0_arm64.whl", hash = "sha256:d246d417b6187c1650d7f855f61c68fbfd6d6155dc846d4e4d273a3e6b5175cb", size = 12379325, upload-time = "2026-04-01T22:03:42.046Z" },
    { url = "https://files.pythonhosted.org/packages/bb/13/6828ce1c98171b5f8388f33c4b0b9ea2ab8c49abe0ef8d793c31e30a05cb/pyrefly-0.59.1-py3-none-manylinux_2_17_aarch64.manylinux2014_aarch64.whl", hash = "sha256:575ac67b04412dc651a7143d27e38a40fbdd3c831c714d5520d0e9d4c8631ab4", size = 35826408, upload-time = "2026-04-01T22:03:45.067Z" },
    { url = "https://files.pythonhosted.org/packages/23/56/79ed8ece9a7ecad0113c394a06a084107db3ad8f1fefe19e7ded43c51245/pyrefly-0.59.1-py3-none-manylinux_2_17_i686.manylinux2014_i686.whl", hash = "sha256:062e6262ce1064d59dcad81ac0499bb7a3ad501e9bc8a677a50dc630ff0bf862", size = 38532699, upload-time = "2026-04-01T22:03:48.376Z" },
    { url = "https://files.pythonhosted.org/packages/18/7d/ecc025e0f0e3f295b497f523cc19cefaa39e57abede8fc353d29445d174b/pyrefly-0.59.1-py3-none-manylinux_2_17_ppc64le.manylinux2014_ppc64le.whl", hash = "sha256:43ef4247f9e6f734feb93e1f2b75335b943629956e509f545cc9cdcccd76dd20", size = 36743570, upload-time = "2026-04-01T22:03:51.362Z" },
    { url = "https://files.pythonhosted.org/packages/2f/03/b1ce882ebcb87c673165c00451fbe4df17bf96ccfde18c75880dc87c5f5e/pyrefly-0.59.1-py3-none-manylinux_2_17_x86_64.manylinux2014_x86_64.whl", hash = "sha256:59a2d01723b84d042f4fa6ec871ffd52d0a7e83b0ea791c2e0bb0ff750abce56", size = 41236246, upload-time = "2026-04-01T22:03:54.361Z" },
    { url = "https://files.pythonhosted.org/packages/17/af/5e9c7afd510e7dd64a2204be0ed39e804089cbc4338675a28615c7176acb/pyrefly-0.59.1-py3-none-win32.whl", hash = "sha256:4ea70c780848f8376411e787643ae5d2d09da8a829362332b7b26d15ebcbaf56", size = 11884747, upload-time = "2026-04-01T22:03:56.776Z" },
    { url = "https://files.pythonhosted.org/packages/aa/c1/7db1077627453fd1068f0761f059a9512645c00c4c20acfb9f0c24ac02ec/pyrefly-0.59.1-py3-none-win_amd64.whl", hash = "sha256:67e6a08cfd129a0d2788d5e40a627f9860e0fe91a876238d93d5c63ff4af68ae", size = 12720608, upload-time = "2026-04-01T22:03:59.252Z" },
    { url = "https://files.pythonhosted.org/packages/07/16/4bb6e5fce5a9cf0992932d9435d964c33e507aaaf96fdfbb1be493078a4a/pyrefly-0.59.1-py3-none-win_arm64.whl", hash = "sha256:01179cb215cf079e8223a064f61a074f7079aa97ea705cbbc68af3d6713afd15", size = 12223158, upload-time = "2026-04-01T22:04:01.869Z" },
]

[[package]]
name = "pyside6-essentials"
version = "6.11.0"
source = { registry = "https://pypi.org/simple" }
dependencies = [
    { name = "shiboken6" },
]
wheels = [
    { url = "https://files.pythonhosted.org/packages/d2/00/8a8583d3429c737cc20e61a43eba8ab1ec13ddb101e99802c2ffeedf3b41/pyside6_essentials-6.11.0-cp310-abi3-macosx_13_0_universal2.whl", hash = "sha256:85d6ca87ef35fa6565d385ede72ae48420dd3f63113929d10fc800f6b0360e01", size = 108085251, upload-time = "2026-03-23T12:42:52.872Z" },
    { url = "https://files.pythonhosted.org/packages/f3/a9/07c9e5c014b871c1b19caf8f994bcd50b345559b81f81671217b49559b67/pyside6_essentials-6.11.0-cp310-abi3-manylinux_2_34_x86_64.whl", hash = "sha256:dc20e7afd5fc6fe51297db91cef997ce60844be578f7a49fc61b7ab9657a8849", size = 78316055, upload-time = "2026-03-23T12:43:04.19Z" },
    { url = "https://files.pythonhosted.org/packages/7c/35/f06b1b641d7600ec46374c16cd37c66fa4a22870326b4eb073a95471035f/pyside6_essentials-6.11.0-cp310-abi3-manylinux_2_39_aarch64.whl", hash = "sha256:4854cb0a1b061e7a576d8fb7bb7cf9f49540d558b1acb7df0742a7afefe61e4e", size = 77380821, upload-time = "2026-03-23T12:43:24.649Z" },
    { url = "https://files.pythonhosted.org/packages/ff/37/ba95c6262836d2b286b4e05a9d16a5e870995d5d2503ac6adc6312208049/pyside6_essentials-6.11.0-cp310-abi3-win_amd64.whl", hash = "sha256:3b3362882ad9389357a80504e600180006a957731fec05786fced7b038461fdf", size = 75793322, upload-time = "2026-03-23T12:43:35.575Z" },
    { url = "https://files.pythonhosted.org/packages/53/27/d17f25e45820e633a70e6109b35991eda09a5e8000c2a306f0ab7538d48c/pyside6_essentials-6.11.0-cp310-abi3-win_arm64.whl", hash = "sha256:81ca603dbf21bc39f89bb42db215c25ebe0c879a1a4c387625c321d2730ec187", size = 56337457, upload-time = "2026-03-23T12:43:43.573Z" },
]

[[package]]
name = "pytest"
version = "9.0.2"
source = { registry = "https://pypi.org/simple" }
dependencies = [
    { name = "colorama", marker = "sys_platform == 'win32'" },
    { name = "iniconfig" },
    { name = "packaging" },
    { name = "pluggy" },
    { name = "pygments" },
]
sdist = { url = "https://files.pythonhosted.org/packages/d1/db/7ef3487e0fb0049ddb5ce41d3a49c235bf9ad299b6a25d5780a89f19230f/pytest-9.0.2.tar.gz", hash = "sha256:75186651a92bd89611d1d9fc20f0b4345fd827c41ccd5c299a868a05d70edf11", size = 1568901, upload-time = "2025-12-06T21:30:51.014Z" }
wheels = [
    { url = "https://files.pythonhosted.org/packages/3b/ab/b3226f0bd7cdcf710fbede2b3548584366da3b19b5021e74f5bde2a8fa3f/pytest-9.0.2-py3-none-any.whl", hash = "sha256:711ffd45bf766d5264d487b917733b453d917afd2b0ad65223959f59089f875b", size = 374801, upload-time = "2025-12-06T21:30:49.154Z" },
]

[[package]]
name = "pywin32"
version = "311"
source = { registry = "https://pypi.org/simple" }
wheels = [
    { url = "https://files.pythonhosted.org/packages/a5/be/3fd5de0979fcb3994bfee0d65ed8ca9506a8a1260651b86174f6a86f52b3/pywin32-311-cp313-cp313-win32.whl", hash = "sha256:f95ba5a847cba10dd8c4d8fefa9f2a6cf283b8b88ed6178fa8a6c1ab16054d0d", size = 8705700, upload-time = "2025-07-14T20:13:26.471Z" },
    { url = "https://files.pythonhosted.org/packages/e3/28/e0a1909523c6890208295a29e05c2adb2126364e289826c0a8bc7297bd5c/pywin32-311-cp313-cp313-win_amd64.whl", hash = "sha256:718a38f7e5b058e76aee1c56ddd06908116d35147e133427e59a3983f703a20d", size = 9494700, upload-time = "2025-07-14T20:13:28.243Z" },
    { url = "https://files.pythonhosted.org/packages/04/bf/90339ac0f55726dce7d794e6d79a18a91265bdf3aa70b6b9ca52f35e022a/pywin32-311-cp313-cp313-win_arm64.whl", hash = "sha256:7b4075d959648406202d92a2310cb990fea19b535c7f4a78d3f5e10b926eeb8a", size = 8709318, upload-time = "2025-07-14T20:13:30.348Z" },
]

[[package]]
name = "shiboken6"
version = "6.11.0"
source = { registry = "https://pypi.org/simple" }
wheels = [
    { url = "https://files.pythonhosted.org/packages/82/1d/b56b7b694fbc871496435488d1f41c5068de546334850d722756511cef65/shiboken6-6.11.0-cp310-abi3-macosx_13_0_universal2.whl", hash = "sha256:d88e8a1eb705f2b9ad21db08a61ae1dc0c773e5cd86a069de0754c4cf1f9b43b", size = 476085, upload-time = "2026-03-23T12:47:05.724Z" },
    { url = "https://files.pythonhosted.org/packages/65/cb/4bb0c76011166230daa7c0074aeb3fdb3935c83ac1fef3789b85fcd1a8fc/shiboken6-6.11.0-cp310-abi3-manylinux_2_34_x86_64.whl", hash = "sha256:ad54e64f8192ddbdff0c54ac82b89edcd62ed623f502ea21c960541d19514053", size = 271055, upload-time = "2026-03-23T12:47:07.349Z" },
    { url = "https://files.pythonhosted.org/packages/f5/96/771a6e2b530f725303d16d78a321fa4876b98b4f3615c9851880df8c1a43/shiboken6-6.11.0-cp310-abi3-manylinux_2_39_aarch64.whl", hash = "sha256:a10dc7718104ea2dc15d5b0b96909b77162ce1c76fcc6968e6df692b947a00e9", size = 267456, upload-time = "2026-03-23T12:47:08.689Z" },
    { url = "https://files.pythonhosted.org/packages/72/f7/44c0c42c3f5f29dec457fd46ea0552174bcb8aa75becf03bbd90308ba07b/shiboken6-6.11.0-cp310-abi3-win_amd64.whl", hash = "sha256:483ff78a73c7b3189ca924abc694318084f078bcfeaffa68e32024ff2d025ee1", size = 1222132, upload-time = "2026-03-23T12:47:10.143Z" },
    { url = "https://files.pythonhosted.org/packages/fb/99/6e5ee21db2d6af84bbbd7d871d441dafeb069c6de5667b1aa49891a77c66/shiboken6-6.11.0-cp310-abi3-win_arm64.whl", hash = "sha256:3bd76cf56105ab2d62ecaff630366f11264f69b88d488f10f048da9a065781f4", size = 1783186, upload-time = "2026-03-23T12:47:11.832Z" },
]
