version = 1
revision = 3
requires-python = "==3.13.*"

[[package]]
name = "colorama"
version = "0.4.6"
source = { registry = "https://pypi.org/simple" }
sdist = { url = "https://files.pythonhosted.org/packages/d8/53/6f443c9a4a8358a93a6792e2acffb9d9d5cb0a5cfd8802644b7b1c9a02e4/colorama-0.4.6.tar.gz", hash = "sha256:08695f5cb7ed6e0531a20572697297273c47b8cae5a63ffc6d6ed5c201be6e44", size = 27697, upload-time = "2022-10-25T02:36:22.414Z" }
wheels = [
    { url = "https://files.pythonhosted.org/packages/d1/d6/3965ed04c63042e047cb6a3e6ed1a63a35087b6a609aa3a15ed8ac56c221/colorama-0.4.6-py2.py3-none-any.whl", hash = "sha256:4f1d9991f5acc0ca119f9d443620b77f9d6b33703e51011c16baf57afb285fc6", size = 25335, upload-time = "2022-10-25T02:36:20.889Z" },
]

[[package]]
name = "iniconfig"
version = "2.3.0"
source = { registry = "https://pypi.org/simple" }
sdist = { url = "https://files.pythonhosted.org/packages/72/34/14ca021ce8e5dfedc35312d08ba8bf51fdd999c576889fc2c24cb97f4f10/iniconfig-2.3.0.tar.gz", hash = "sha256:c76315c77db068650d49c5b56314774a7804df16fee4402c1f19d6d15d8c4730", size = 20503, upload-time = "2025-10-18T21:55:43.219Z" }
wheels = [
    { url = "https://files.pythonhosted.org/packages/cb/b1/3846dd7f199d53cb17f49cba7e651e9ce294d8497c8c150530ed11865bb8/iniconfig-2.3.0-py3-none-any.whl", hash = "sha256:f631c04d2c48c52b84d0d0549c99ff3859c98df65b3101406327ecc7d53fbf12", size = 7484, upload-time = "2025-10-18T21:55:41.639Z" },
]

[[package]]
name = "inject"
version = "5.3.0"
source = { registry = "https://pypi.org/simple" }
sdist = { url = "https://files.pythonhosted.org/packages/3e/b6/762d2dac6b587698abde000dc0fe85dfe9cd469cbda8856699a84adee82a/inject-5.3.0.tar.gz", hash = "sha256:bc9db0fe05a42990dbdaf570db085c409bc8d1a9dea6d06143049476b922abba", size = 26482, upload-time = "2025-06-20T10:20:51.825Z" }
wheels = [
    { url = "https://files.pythonhosted.org/packages/98/6e/b00ef8fe9a43aa3a6f5687b710832f0d876c0812bd0ce1c3af3e71bf7dd1/inject-5.3.0-py2.py3-none-any.whl", hash = "sha256:4758eb6c464d3e2badbbf65ac991c64752b05429d6af4c3c0e5b2765efaf7e73", size = 14349, upload-time = "2025-06-20T10:20:50.717Z" },
]

[[package]]
name = "jinja2"
version = "3.1.6"
source = { registry = "https://pypi.org/simple" }
dependencies = [
    { name = "markupsafe" },
]
sdist = { url = "https://files.pythonhosted.org/packages/df/bf/f7da0350254c0ed7c72f3e33cef02e048281fec7ecec5f032d4aac52226b/jinja2-3.1.6.tar.gz", hash = "sha256:0137fb05990d35f1275a587e9aee6d56da821fc83491a0fb838183be43f66d6d", size = 245115, upload-time = "2025-03-05T20:05:02.478Z" }
wheels = [
    { url = "https://files.pythonhosted.org/packages/62/a1/3d680cbfd5f4b8f15abc1d571870c5fc3e594bb582bc3b64ea099db13e56/jinja2-3.1.6-py3-none-any.whl", hash = "sha256:85ece4451f492d0c13c5dd7c13a64681a86afae63a5f347908daf103ce6d2f67", size = 134899, upload-time = "2025-03-05T20:05:00.369Z" },
]

[[package]]
name = "markupsafe"
version = "3.0.3"
source = { registry = "https://pypi.org/simple" }
sdist = { url = "https://files.pythonhosted.org/packages/7e/99/7690b6d4034fffd95959cbe0c02de8deb3098cc577c67bb6a24fe5d7caa7/markupsafe-3.0.3.tar.gz", hash = "sha256:722695808f4b6457b320fdc131280796bdceb04ab50fe1795cd540799ebe1698", size = 80313, upload-time = "2025-09-27T18:37:40.426Z" }
wheels = [
    { url = "https://files.pythonhosted.org/packages/38/2f/907b9c7bbba283e68f20259574b13d005c121a0fa4c175f9bed27c4597ff/markupsafe-3.0.3-cp313-cp313-macosx_10_13_x86_64.whl", hash = "sha256:e1cf1972137e83c5d4c136c43ced9ac51d0e124706ee1c8aa8532c1287fa8795", size = 11622, upload-time = "2025-09-27T18:36:41.777Z" },
    { url = "https://files.pythonhosted.org/packages/9c/d9/5f7756922cdd676869eca1c4e3c0cd0df60ed30199ffd775e319089cb3ed/markupsafe-3.0.3-cp313-cp313-macosx_11_0_arm64.whl", hash = "sha256:116bb52f642a37c115f517494ea5feb03889e04df47eeff5b130b1808ce7c219", size = 12029, upload-time = "2025-09-27T18:36:43.257Z" },
    { url = "https://files.pythonhosted.org/packages/00/07/575a68c754943058c78f30db02ee03a64b3c638586fba6a6dd56830b30a3/markupsafe-3.0.3-cp313-cp313-manylinux2014_aarch64.manylinux_2_17_aarch64.manylinux_2_28_aarch64.whl", hash = "sha256:133a43e73a802c5562be9bbcd03d090aa5a1fe899db609c29e8c8d815c5f6de6", size = 24374, upload-time = "2025-09-27T18:36:44.508Z" },
    { url = "https://files.pythonhosted.org/packages/a9/21/9b05698b46f218fc0e118e1f8168395c65c8a2c750ae2bab54fc4bd4e0e8/markupsafe-3.0.3-cp313-cp313-manylinux2014_x86_64.manylinux_2_17_x86_64.manylinux_2_28_x86_64.whl", hash = "sha256:ccfcd093f13f0f0b7fdd0f198b90053bf7b2f02a3927a30e63f3ccc9df56b676", size = 22980, upload-time = "2025-09-27T18:36:45.385Z" },
    { url = "https://files.pythonhosted.org/packages/7f/71/544260864f893f18b6827315b988c146b559391e6e7e8f7252839b1b846a/markupsafe-3.0.3-cp313-cp313-manylinux_2_31_riscv64.manylinux_2_39_riscv64.whl", hash = "sha256:509fa21c6deb7a7a273d629cf5ec029bc209d1a51178615ddf718f5918992ab9", size = 21990, upload-time = "2025-09-27T18:36:46.916Z" },
    { url = "https://files.pythonhosted.org/packages/c2/28/b50fc2f74d1ad761af2f5dcce7492648b983d00a65b8c0e0cb457c82ebbe/markupsafe-3.0.3-cp313-cp313-musllinux_1_2_aarch64.whl", hash = "sha256:a4afe79fb3de0b7097d81da19090f4df4f8d3a2b3adaa8764138aac2e44f3af1", size = 23784, upload-time = "2025-09-27T18:36:47.884Z" },
    { url = "https://files.pythonhosted.org/packages/ed/76/104b2aa106a208da8b17a2fb72e033a5a9d7073c68f7e508b94916ed47a9/markupsafe-3.0.3-cp313-cp313-musllinux_1_2_riscv64.whl", hash = "sha256:795e7751525cae078558e679d646ae45574b47ed6e7771863fcc079a6171a0fc", size = 21588, upload-time = "2025-09-27T18:36:48.82Z" },
    { url = "https://files.pythonhosted.org/packages/b5/99/16a5eb2d140087ebd97180d95249b00a03aa87e29cc224056274f2e45fd6/markupsafe-3.0.3-cp313-cp313-musllinux_1_2_x86_64.whl", hash = "sha256:8485f406a96febb5140bfeca44a73e3ce5116b2501ac54fe953e488fb1d03b12", size = 23041, upload-time = "2025-09-27T18:36:49.797Z" },
    { url = "https://files.pythonhosted.org/packages/19/bc/e7140ed90c5d61d77cea142eed9f9c303f4c4806f60a1044c13e3f1471d0/markupsafe-3.0.3-cp313-cp313-win32.whl", hash = "sha256:bdd37121970bfd8be76c5fb069c7751683bdf373db1ed6c010162b2a130248ed", size = 14543, upload-time = "2025-09-27T18:36:51.584Z" },
    { url = "https://files.pythonhosted.org/packages/05/73/c4abe620b841b6b791f2edc248f556900667a5a1cf023a6646967ae98335/markupsafe-3.0.3-cp313-cp313-win_amd64.whl", hash = "sha256:9a1abfdc021a164803f4d485104931fb8f8c1efd55bc6b748d2f5774e78b62c5", size = 15113, upload-time = "2025-09-27T18:36:52.537Z" },
    { url = "https://files.pythonhosted.org/packages/f0/3a/fa34a0f7cfef23cf9500d68cb7c32dd64ffd58a12b09225fb03dd37d5b80/markupsafe-3.0.3-cp313-cp313-win_arm64.whl", hash = "sha256:7e68f88e5b8799aa49c85cd116c932a1ac15caaa3f5db09087854d218359e485", size = 13911, upload-time = "2025-09-27T18:36:53.513Z" },
    { url = "https://files.pythonhosted.org/packages/e4/d7/e05cd7efe43a88a17a37b3ae96e79a19e846f3f456fe79c57ca61356ef01/markupsafe-3.0.3-cp313-cp313t-macosx_10_13_x86_64.whl", hash = "sha256:218551f6df4868a8d527e3062d0fb968682fe92054e89978594c28e642c43a73", size = 11658, upload-time = "2025-09-27T18:36:54.819Z" },
    { url = "https://files.pythonhosted.org/packages/99/9e/e412117548182ce2148bdeacdda3bb494260c0b0184360fe0d56389b523b/markupsafe-3.0.3-cp313-cp313t-macosx_11_0_arm64.whl", hash = "sha256:3524b778fe5cfb3452a09d31e7b5adefeea8c5be1d43c4f810ba09f2ceb29d37", size = 12066, upload-time = "2025-09-27T18:36:55.714Z" },
    { url = "https://files.pythonhosted.org/packages/bc/e6/fa0ffcda717ef64a5108eaa7b4f5ed28d56122c9a6d70ab8b72f9f715c80/markupsafe-3.0.3-cp313-cp313t-manylinux2014_aarch64.manylinux_2_17_aarch64.manylinux_2_28_aarch64.whl", hash = "sha256:4e885a3d1efa2eadc93c894a21770e4bc67899e3543680313b09f139e149ab19", size = 25639, upload-time = "2025-09-27T18:36:56.908Z" },
    { url = "https://files.pythonhosted.org/packages/96/ec/2102e881fe9d25fc16cb4b25d5f5cde50970967ffa5dddafdb771237062d/markupsafe-3.0.3-cp313-cp313t-manylinux2014_x86_64.manylinux_2_17_x86_64.manylinux_2_28_x86_64.whl", hash = "sha256:8709b08f4a89aa7586de0aadc8da56180242ee0ada3999749b183aa23df95025", size = 23569, upload-time = "2025-09-27T18:36:57.913Z" },
    { url = "https://files.pythonhosted.org/packages/4b/30/6f2fce1f1f205fc9323255b216ca8a235b15860c34b6798f810f05828e32/markupsafe-3.0.3-cp313-cp313t-manylinux_2_31_riscv64.manylinux_2_39_riscv64.whl", hash = "sha256:b8512a91625c9b3da6f127803b166b629725e68af71f8184ae7e7d54686a56d6", size = 23284, upload-time = "2025-09-27T18:36:58.833Z" },
    { url = "https://files.pythonhosted.org/packages/58/47/4a0ccea4ab9f5dcb6f79c0236d954acb382202721e704223a8aafa38b5c8/markupsafe-3.0.3-cp313-cp313t-musllinux_1_2_aarch64.whl", hash = "sha256:9b79b7a16f7fedff2495d684f2b59b0457c3b493778c9eed31111be64d58279f", size = 24801, upload-time = "2025-09-27T18:36:59.739Z" },
    { url = "https://files.pythonhosted.org/packages/6a/70/3780e9b72180b6fecb83a4814d84c3bf4b4ae4bf0b19c27196104149734c/markupsafe-3.0.3-cp313-cp313t-musllinux_1_2_riscv64.whl", hash = "sha256:12c63dfb4a98206f045aa9563db46507995f7ef6d83b2f68eda65c307c6829eb", size = 22769, upload-time = "2025-09-27T18:37:00.719Z" },
    { url = "https://files.pythonhosted.org/packages/98/c5/c03c7f4125180fc215220c035beac6b9cb684bc7a067c84fc69414d315f5/markupsafe-3.0.3-cp313-cp313t-musllinux_1_2_x86_64.whl", hash = "sha256:8f71bc33915be5186016f675cd83a1e08523649b0e33efdb898db577ef5bb009", size = 23642, upload-time = "2025-09-27T18:37:01.673Z" },
    { url = "https://files.pythonhosted.org/packages/80/d6/2d1b89f6ca4bff1036499b1e29a1d02d282259f3681540e16563f27ebc23/markupsafe-3.0.3-cp313-cp313t-win32.whl", hash = "sha256:69c0b73548bc525c8cb9a251cddf1931d1db4d2258e9599c28c07ef3580ef354", size = 14612, upload-time = "2025-09-27T18:37:02.639Z" },
    { url = "https://files.pythonhosted.org/packages/2b/98/e48a4bfba0a0ffcf9925fe2d69240bfaa19c6f7507b8cd09c70684a53c1e/markupsafe-3.0.3-cp313-cp313t-win_amd64.whl", hash = "sha256:1b4b79e8ebf6b55351f0d91fe80f893b4743f104bff22e90697db1590e47a218", size = 15200, upload-time = "2025-09-27T18:37:03.582Z" },
    { url = "https://files.pythonhosted.org/packages/0e/72/e3cc540f351f316e9ed0f092757459afbc595824ca724cbc5a5d4263713f/markupsafe-3.0.3-cp313-cp313t-win_arm64.whl", hash = "sha256:ad2cf8aa28b8c020ab2fc8287b0f823d0a7d8630784c31e9ee5edea20f406287", size = 13973, upload-time = "2025-09-27T18:37:04.929Z" },
]

[[package]]
name = "materialyoucolor"
version = "3.0.2"
source = { registry = "https://pypi.org/simple" }
dependencies = [
    { name = "pillow" },
]
sdist = { url = "https://files.pythonhosted.org/packages/c0/47/2db3504a71e6e7bdad8e4dfdcf4b62a575cb4229c32a3a612062b39cf6cc/materialyoucolor-3.0.2.tar.gz", hash = "sha256:e2c892ae23dc0732c32307682002884616a282de5a350088aacc23cdf885e822", size = 127051, upload-time = "2026-02-22T07:19:30.297Z" }
wheels = [
    { url = "https://files.pythonhosted.org/packages/4b/94/da86904173a5af7c6af33cefb47365f68e2769f740442d5aaa676fce52ed/materialyoucolor-3.0.2-cp313-cp313-macosx_10_13_x86_64.whl", hash = "sha256:311c1484832c00b8be7ef7781e3fc9e6f17b311f899f6657f4523a1ae067d168", size = 214334, upload-time = "2026-02-22T07:09:34.328Z" },
    { url = "https://files.pythonhosted.org/packages/d2/42/a12606b88d0d991276bfcd8084e66e06c302d3713db3f8929a0be99e9244/materialyoucolor-3.0.2-cp313-cp313-macosx_11_0_arm64.whl", hash = "sha256:fe03cf51df6e21acf1986810052cf35fed3fbc759c1ab0d7c5a9730ee2890029", size = 203527, upload-time = "2026-02-22T07:09:35.587Z" },
    { url = "https://files.pythonhosted.org/packages/d8/58/a030f46147f3847c7cd3dcda2bc2c362f7275b771ff61e622c547c29f63a/materialyoucolor-3.0.2-cp313-cp313-manylinux_2_27_x86_64.manylinux_2_28_x86_64.whl", hash = "sha256:c4d302e0b309d9b45548074c8a348903733df8bc4101283dc969f0ff157afde5", size = 233604, upload-time = "2026-02-22T07:09:37.061Z" },
    { url = "https://files.pythonhosted.org/packages/ac/e6/8d83bd8366300a79b7d529ad65cb523f904481a45c9a7720705174f81352/materialyoucolor-3.0.2-cp313-cp313-musllinux_1_2_x86_64.whl", hash = "sha256:92c56bf78cd7008a925b9a928c2784e30266b3c6a56e5a481f627d51c82ed2f8", size = 1265500, upload-time = "2026-02-22T07:09:38.549Z" },
    { url = "https://files.pythonhosted.org/packages/07/cc/5b3252893277c03ee231d147ce877e5a348b60c628b185433f9e75c40b9d/materialyoucolor-3.0.2-cp313-cp313-win32.whl", hash = "sha256:8fa0ae5ea849b0d120e998b157605aa098b1388a035ecd019c8424fd14fc23b9", size = 161307, upload-time = "2026-02-22T07:09:39.874Z" },
    { url = "https://files.pythonhosted.org/packages/55/02/f7c7a953b33f64979b97c02bccb0b23226a433d55e5696193e27cdb923c7/materialyoucolor-3.0.2-cp313-cp313-win_amd64.whl", hash = "sha256:32048938b7735fdb8496fcc6561a5a0c04f74160f8f41674f08304b0942740e7", size = 177237, upload-time = "2026-02-22T07:09:41.437Z" },
]

[[package]]
name = "mpv"
version = "1.0.8"
source = { registry = "https://pypi.org/simple" }
sdist = { url = "https://files.pythonhosted.org/packages/e3/d2/4ede498dff29520abb40d2b197bcb4188db4a03981d734ceb990a6532260/mpv-1.0.8.tar.gz", hash = "sha256:95dbd4d869cd8de7a27914ad33e776accc0f01cb82a6d5b31ca439ade2208ffb", size = 48014, upload-time = "2025-04-25T09:51:19.031Z" }
wheels = [
    { url = "https://files.pythonhosted.org/packages/f4/cf/0d5f52753366ecf2c3d763e331dcda54b0f20a1a8e52b175feb9c625399d/mpv-1.0.8-py3-none-any.whl", hash = "sha256:dcf77f612e3f5ce49bd89393f37d286de7ac290db6b0800f1fdcfe0aeb5ba9b8", size = 46078, upload-time = "2025-04-25T09:51:17.087Z" },
]

[[package]]
name = "mpvqc"
version = "0.9.0b3"
source = { virtual = "." }
dependencies = [
    { name = "inject" },
    { name = "jinja2" },
    { name = "mpv" },
    { name = "pyside6-essentials" },
    { name = "pywin32", marker = "sys_platform == 'win32'" },
]

[package.dev-dependencies]
dev = [
    { name = "materialyoucolor" },
    { name = "pytest" },
]

[package.metadata]
requires-dist = [
    { name = "inject", specifier = ">=5.3.0" },
    { name = "jinja2", specifier = ">=3.1.6" },
    { name = "mpv", specifier = ">=1.0.8" },
    { name = "pyside6-essentials", specifier = "==6.10.2" },
    { name = "pywin32", marker = "sys_platform == 'win32'", specifier = ">=311" },
]

[package.metadata.requires-dev]
dev = [
    { name = "materialyoucolor", specifier = ">=3.0.2" },
    { name = "pytest", specifier = ">=9.0.2" },
]

[[package]]
name = "packaging"
version = "26.0"
source = { registry = "https://pypi.org/simple" }
sdist = { url = "https://files.pythonhosted.org/packages/65/ee/299d360cdc32edc7d2cf530f3accf79c4fca01e96ffc950d8a52213bd8e4/packaging-26.0.tar.gz", hash = "sha256:00243ae351a257117b6a241061796684b084ed1c516a08c48a3f7e147a9d80b4", size = 143416, upload-time = "2026-01-21T20:50:39.064Z" }
wheels = [
    { url = "https://files.pythonhosted.org/packages/b7/b9/c538f279a4e237a006a2c98387d081e9eb060d203d8ed34467cc0f0b9b53/packaging-26.0-py3-none-any.whl", hash = "sha256:b36f1fef9334a5588b4166f8bcd26a14e521f2b55e6b9de3aaa80d3ff7a37529", size = 74366, upload-time = "2026-01-21T20:50:37.788Z" },
]

[[package]]
name = "pillow"
version = "12.1.1"
source = { registry = "https://pypi.org/simple" }
sdist = { url = "https://files.pythonhosted.org/packages/1f/42/5c74462b4fd957fcd7b13b04fb3205ff8349236ea74c7c375766d6c82288/pillow-12.1.1.tar.gz", hash = "sha256:9ad8fa5937ab05218e2b6a4cff30295ad35afd2f83ac592e68c0d871bb0fdbc4", size = 46980264, upload-time = "2026-02-11T04:23:07.146Z" }
wheels = [
    { url = "https://files.pythonhosted.org/packages/d5/11/6db24d4bd7685583caeae54b7009584e38da3c3d4488ed4cd25b439de486/pillow-12.1.1-cp313-cp313-ios_13_0_arm64_iphoneos.whl", hash = "sha256:d242e8ac078781f1de88bf823d70c1a9b3c7950a44cdf4b7c012e22ccbcd8e4e", size = 4062689, upload-time = "2026-02-11T04:21:06.804Z" },
    { url = "https://files.pythonhosted.org/packages/33/c0/ce6d3b1fe190f0021203e0d9b5b99e57843e345f15f9ef22fcd43842fd21/pillow-12.1.1-cp313-cp313-ios_13_0_arm64_iphonesimulator.whl", hash = "sha256:02f84dfad02693676692746df05b89cf25597560db2857363a208e393429f5e9", size = 4138535, upload-time = "2026-02-11T04:21:08.452Z" },
    { url = "https://files.pythonhosted.org/packages/a0/c6/d5eb6a4fb32a3f9c21a8c7613ec706534ea1cf9f4b3663e99f0d83f6fca8/pillow-12.1.1-cp313-cp313-ios_13_0_x86_64_iphonesimulator.whl", hash = "sha256:e65498daf4b583091ccbb2556c7000abf0f3349fcd57ef7adc9a84a394ed29f6", size = 3601364, upload-time = "2026-02-11T04:21:10.194Z" },
    { url = "https://files.pythonhosted.org/packages/14/a1/16c4b823838ba4c9c52c0e6bbda903a3fe5a1bdbf1b8eb4fff7156f3e318/pillow-12.1.1-cp313-cp313-macosx_10_13_x86_64.whl", hash = "sha256:6c6db3b84c87d48d0088943bf33440e0c42370b99b1c2a7989216f7b42eede60", size = 5262561, upload-time = "2026-02-11T04:21:11.742Z" },
    { url = "https://files.pythonhosted.org/packages/bb/ad/ad9dc98ff24f485008aa5cdedaf1a219876f6f6c42a4626c08bc4e80b120/pillow-12.1.1-cp313-cp313-macosx_11_0_arm64.whl", hash = "sha256:8b7e5304e34942bf62e15184219a7b5ad4ff7f3bb5cca4d984f37df1a0e1aee2", size = 4657460, upload-time = "2026-02-11T04:21:13.786Z" },
    { url = "https://files.pythonhosted.org/packages/9e/1b/f1a4ea9a895b5732152789326202a82464d5254759fbacae4deea3069334/pillow-12.1.1-cp313-cp313-manylinux2014_aarch64.manylinux_2_17_aarch64.whl", hash = "sha256:18e5bddd742a44b7e6b1e773ab5db102bd7a94c32555ba656e76d319d19c3850", size = 6232698, upload-time = "2026-02-11T04:21:15.949Z" },
    { url = "https://files.pythonhosted.org/packages/95/f4/86f51b8745070daf21fd2e5b1fe0eb35d4db9ca26e6d58366562fb56a743/pillow-12.1.1-cp313-cp313-manylinux2014_x86_64.manylinux_2_17_x86_64.whl", hash = "sha256:fc44ef1f3de4f45b50ccf9136999d71abb99dca7706bc75d222ed350b9fd2289", size = 8041706, upload-time = "2026-02-11T04:21:17.723Z" },
    { url = "https://files.pythonhosted.org/packages/29/9b/d6ecd956bb1266dd1045e995cce9b8d77759e740953a1c9aad9502a0461e/pillow-12.1.1-cp313-cp313-manylinux_2_27_aarch64.manylinux_2_28_aarch64.whl", hash = "sha256:5a8eb7ed8d4198bccbd07058416eeec51686b498e784eda166395a23eb99138e", size = 6346621, upload-time = "2026-02-11T04:21:19.547Z" },
    { url = "https://files.pythonhosted.org/packages/71/24/538bff45bde96535d7d998c6fed1a751c75ac7c53c37c90dc2601b243893/pillow-12.1.1-cp313-cp313-manylinux_2_27_x86_64.manylinux_2_28_x86_64.whl", hash = "sha256:47b94983da0c642de92ced1702c5b6c292a84bd3a8e1d1702ff923f183594717", size = 7038069, upload-time = "2026-02-11T04:21:21.378Z" },
    { url = "https://files.pythonhosted.org/packages/94/0e/58cb1a6bc48f746bc4cb3adb8cabff73e2742c92b3bf7a220b7cf69b9177/pillow-12.1.1-cp313-cp313-musllinux_1_2_aarch64.whl", hash = "sha256:518a48c2aab7ce596d3bf79d0e275661b846e86e4d0e7dec34712c30fe07f02a", size = 6460040, upload-time = "2026-02-11T04:21:23.148Z" },
    { url = "https://files.pythonhosted.org/packages/6c/57/9045cb3ff11eeb6c1adce3b2d60d7d299d7b273a2e6c8381a524abfdc474/pillow-12.1.1-cp313-cp313-musllinux_1_2_x86_64.whl", hash = "sha256:a550ae29b95c6dc13cf69e2c9dc5747f814c54eeb2e32d683e5e93af56caa029", size = 7164523, upload-time = "2026-02-11T04:21:25.01Z" },
    { url = "https://files.pythonhosted.org/packages/73/f2/9be9cb99f2175f0d4dbadd6616ce1bf068ee54a28277ea1bf1fbf729c250/pillow-12.1.1-cp313-cp313-win32.whl", hash = "sha256:a003d7422449f6d1e3a34e3dd4110c22148336918ddbfc6a32581cd54b2e0b2b", size = 6332552, upload-time = "2026-02-11T04:21:27.238Z" },
    { url = "https://files.pythonhosted.org/packages/3f/eb/b0834ad8b583d7d9d42b80becff092082a1c3c156bb582590fcc973f1c7c/pillow-12.1.1-cp313-cp313-win_amd64.whl", hash = "sha256:344cf1e3dab3be4b1fa08e449323d98a2a3f819ad20f4b22e77a0ede31f0faa1", size = 7040108, upload-time = "2026-02-11T04:21:29.462Z" },
    { url = "https://files.pythonhosted.org/packages/d5/7d/fc09634e2aabdd0feabaff4a32f4a7d97789223e7c2042fd805ea4b4d2c2/pillow-12.1.1-cp313-cp313-win_arm64.whl", hash = "sha256:5c0dd1636633e7e6a0afe7bf6a51a14992b7f8e60de5789018ebbdfae55b040a", size = 2453712, upload-time = "2026-02-11T04:21:31.072Z" },
    { url = "https://files.pythonhosted.org/packages/19/2a/b9d62794fc8a0dd14c1943df68347badbd5511103e0d04c035ffe5cf2255/pillow-12.1.1-cp313-cp313t-macosx_10_13_x86_64.whl", hash = "sha256:0330d233c1a0ead844fc097a7d16c0abff4c12e856c0b325f231820fee1f39da", size = 5264880, upload-time = "2026-02-11T04:21:32.865Z" },
    { url = "https://files.pythonhosted.org/packages/26/9d/e03d857d1347fa5ed9247e123fcd2a97b6220e15e9cb73ca0a8d91702c6e/pillow-12.1.1-cp313-cp313t-macosx_11_0_arm64.whl", hash = "sha256:5dae5f21afb91322f2ff791895ddd8889e5e947ff59f71b46041c8ce6db790bc", size = 4660616, upload-time = "2026-02-11T04:21:34.97Z" },
    { url = "https://files.pythonhosted.org/packages/f7/ec/8a6d22afd02570d30954e043f09c32772bfe143ba9285e2fdb11284952cd/pillow-12.1.1-cp313-cp313t-manylinux2014_aarch64.manylinux_2_17_aarch64.whl", hash = "sha256:2e0c664be47252947d870ac0d327fea7e63985a08794758aa8af5b6cb6ec0c9c", size = 6269008, upload-time = "2026-02-11T04:21:36.623Z" },
    { url = "https://files.pythonhosted.org/packages/3d/1d/6d875422c9f28a4a361f495a5f68d9de4a66941dc2c619103ca335fa6446/pillow-12.1.1-cp313-cp313t-manylinux2014_x86_64.manylinux_2_17_x86_64.whl", hash = "sha256:691ab2ac363b8217f7d31b3497108fb1f50faab2f75dfb03284ec2f217e87bf8", size = 8073226, upload-time = "2026-02-11T04:21:38.585Z" },
    { url = "https://files.pythonhosted.org/packages/a1/cd/134b0b6ee5eda6dc09e25e24b40fdafe11a520bc725c1d0bbaa5e00bf95b/pillow-12.1.1-cp313-cp313t-manylinux_2_27_aarch64.manylinux_2_28_aarch64.whl", hash = "sha256:e9e8064fb1cc019296958595f6db671fba95209e3ceb0c4734c9baf97de04b20", size = 6380136, upload-time = "2026-02-11T04:21:40.562Z" },
    { url = "https://files.pythonhosted.org/packages/7a/a9/7628f013f18f001c1b98d8fffe3452f306a70dc6aba7d931019e0492f45e/pillow-12.1.1-cp313-cp313t-manylinux_2_27_x86_64.manylinux_2_28_x86_64.whl", hash = "sha256:472a8d7ded663e6162dafdf20015c486a7009483ca671cece7a9279b512fcb13", size = 7067129, upload-time = "2026-02-11T04:21:42.521Z" },
    { url = "https://files.pythonhosted.org/packages/1e/f8/66ab30a2193b277785601e82ee2d49f68ea575d9637e5e234faaa98efa4c/pillow-12.1.1-cp313-cp313t-musllinux_1_2_aarch64.whl", hash = "sha256:89b54027a766529136a06cfebeecb3a04900397a3590fd252160b888479517bf", size = 6491807, upload-time = "2026-02-11T04:21:44.22Z" },
    { url = "https://files.pythonhosted.org/packages/da/0b/a877a6627dc8318fdb84e357c5e1a758c0941ab1ddffdafd231983788579/pillow-12.1.1-cp313-cp313t-musllinux_1_2_x86_64.whl", hash = "sha256:86172b0831b82ce4f7877f280055892b31179e1576aa00d0df3bb1bbf8c3e524", size = 7190954, upload-time = "2026-02-11T04:21:46.114Z" },
    { url = "https://files.pythonhosted.org/packages/83/43/6f732ff85743cf746b1361b91665d9f5155e1483817f693f8d57ea93147f/pillow-12.1.1-cp313-cp313t-win32.whl", hash = "sha256:44ce27545b6efcf0fdbdceb31c9a5bdea9333e664cda58a7e674bb74608b3986", size = 6336441, upload-time = "2026-02-11T04:21:48.22Z" },
    { url = "https://files.pythonhosted.org/packages/3b/44/e865ef3986611bb75bfabdf94a590016ea327833f434558801122979cd0e/pillow-12.1.1-cp313-cp313t-win_amd64.whl", hash = "sha256:a285e3eb7a5a45a2ff504e31f4a8d1b12ef62e84e5411c6804a42197c1cf586c", size = 7045383, upload-time = "2026-02-11T04:21:50.015Z" },
    { url = "https://files.pythonhosted.org/packages/a8/c6/f4fb24268d0c6908b9f04143697ea18b0379490cb74ba9e8d41b898bd005/pillow-12.1.1-cp313-cp313t-win_arm64.whl", hash = "sha256:cc7d296b5ea4d29e6570dabeaed58d31c3fea35a633a69679fb03d7664f43fb3", size = 2456104, upload-time = "2026-02-11T04:21:51.633Z" },
]

[[package]]
name = "pluggy"
version = "1.6.0"
source = { registry = "https://pypi.org/simple" }
sdist = { url = "https://files.pythonhosted.org/packages/f9/e2/3e91f31a7d2b083fe6ef3fa267035b518369d9511ffab804f839851d2779/pluggy-1.6.0.tar.gz", hash = "sha256:7dcc130b76258d33b90f61b658791dede3486c3e6bfb003ee5c9bfb396dd22f3", size = 69412, upload-time = "2025-05-15T12:30:07.975Z" }
wheels = [
    { url = "https://files.pythonhosted.org/packages/54/20/4d324d65cc6d9205fabedc306948156824eb9f0ee1633355a8f7ec5c66bf/pluggy-1.6.0-py3-none-any.whl", hash = "sha256:e920276dd6813095e9377c0bc5566d94c932c33b27a3e3945d8389c374dd4746", size = 20538, upload-time = "2025-05-15T12:30:06.134Z" },
]

[[package]]
name = "pygments"
version = "2.19.2"
source = { registry = "https://pypi.org/simple" }
sdist = { url = "https://files.pythonhosted.org/packages/b0/77/a5b8c569bf593b0140bde72ea885a803b82086995367bf2037de0159d924/pygments-2.19.2.tar.gz", hash = "sha256:636cb2477cec7f8952536970bc533bc43743542f70392ae026374600add5b887", size = 4968631, upload-time = "2025-06-21T13:39:12.283Z" }
wheels = [
    { url = "https://files.pythonhosted.org/packages/c7/21/705964c7812476f378728bdf590ca4b771ec72385c533964653c68e86bdc/pygments-2.19.2-py3-none-any.whl", hash = "sha256:86540386c03d588bb81d44bc3928634ff26449851e99741617ecb9037ee5ec0b", size = 1225217, upload-time = "2025-06-21T13:39:07.939Z" },
]

[[package]]
name = "pyside6-essentials"
version = "6.10.2"
source = { registry = "https://pypi.org/simple" }
dependencies = [
    { name = "shiboken6" },
]
wheels = [
    { url = "https://files.pythonhosted.org/packages/1d/2e/5f18a77f5e0bd730bacec93a690d0ef3c96a9711d213653eacecbf241b8d/pyside6_essentials-6.10.2-cp39-abi3-macosx_13_0_universal2.whl", hash = "sha256:1dee2cb9803ff135f881dadeb5c0edcef793d1ec4f8a9140a1348cecb71074e1", size = 105913067, upload-time = "2026-02-02T08:45:37.508Z" },
    { url = "https://files.pythonhosted.org/packages/99/20/3a6ca95052e1744b5a3eba164e2dd451d358a3dcaf78179de4b45c8e3f47/pyside6_essentials-6.10.2-cp39-abi3-manylinux_2_34_x86_64.whl", hash = "sha256:660aea45bfa36f1e06f799b934c2a7df963bd31abc5083e8bb8a5bfaef45686b", size = 77027153, upload-time = "2026-02-02T08:45:53.09Z" },
    { url = "https://files.pythonhosted.org/packages/93/a6/6073e4ddc2a5c7b3941606e4bc8bbaadcf0737f57450620b0793041c8d22/pyside6_essentials-6.10.2-cp39-abi3-manylinux_2_39_aarch64.whl", hash = "sha256:c2b028e4c6f8047a02c31f373408e23b4eedfd405f56c6aba8d0525c29472835", size = 76114242, upload-time = "2026-02-02T08:46:07.184Z" },
    { url = "https://files.pythonhosted.org/packages/22/a8/616bbbd009efd3e17bf9a2db09d90c6764c010565cd2bdea2a240bfd18f7/pyside6_essentials-6.10.2-cp39-abi3-win_amd64.whl", hash = "sha256:0741018c2b6395038cad4c41775cfae3f13a409e87995ac9f7d89e5b1fb6b22a", size = 74546490, upload-time = "2026-02-02T08:46:26.395Z" },
    { url = "https://files.pythonhosted.org/packages/b9/f9/c9757a984c4ffb6d12fab69e966d95dfc862a5d44e12b7900f3a03780b76/pyside6_essentials-6.10.2-cp39-abi3-win_arm64.whl", hash = "sha256:db5f4913648bb6afddb8b347edae151ee2378f12bceb03c8b2515a530a4b38d9", size = 55258626, upload-time = "2026-02-02T08:46:36.788Z" },
]

[[package]]
name = "pytest"
version = "9.0.2"
source = { registry = "https://pypi.org/simple" }
dependencies = [
    { name = "colorama", marker = "sys_platform == 'win32'" },
    { name = "iniconfig" },
    { name = "packaging" },
    { name = "pluggy" },
    { name = "pygments" },
]
sdist = { url = "https://files.pythonhosted.org/packages/d1/db/7ef3487e0fb0049ddb5ce41d3a49c235bf9ad299b6a25d5780a89f19230f/pytest-9.0.2.tar.gz", hash = "sha256:75186651a92bd89611d1d9fc20f0b4345fd827c41ccd5c299a868a05d70edf11", size = 1568901, upload-time = "2025-12-06T21:30:51.014Z" }
wheels = [
    { url = "https://files.pythonhosted.org/packages/3b/ab/b3226f0bd7cdcf710fbede2b3548584366da3b19b5021e74f5bde2a8fa3f/pytest-9.0.2-py3-none-any.whl", hash = "sha256:711ffd45bf766d5264d487b917733b453d917afd2b0ad65223959f59089f875b", size = 374801, upload-time = "2025-12-06T21:30:49.154Z" },
]

[[package]]
name = "pywin32"
version = "311"
source = { registry = "https://pypi.org/simple" }
wheels = [
    { url = "https://files.pythonhosted.org/packages/a5/be/3fd5de0979fcb3994bfee0d65ed8ca9506a8a1260651b86174f6a86f52b3/pywin32-311-cp313-cp313-win32.whl", hash = "sha256:f95ba5a847cba10dd8c4d8fefa9f2a6cf283b8b88ed6178fa8a6c1ab16054d0d", size = 8705700, upload-time = "2025-07-14T20:13:26.471Z" },
    { url = "https://files.pythonhosted.org/packages/e3/28/e0a1909523c6890208295a29e05c2adb2126364e289826c0a8bc7297bd5c/pywin32-311-cp313-cp313-win_amd64.whl", hash = "sha256:718a38f7e5b058e76aee1c56ddd06908116d35147e133427e59a3983f703a20d", size = 9494700, upload-time = "2025-07-14T20:13:28.243Z" },
    { url = "https://files.pythonhosted.org/packages/04/bf/90339ac0f55726dce7d794e6d79a18a91265bdf3aa70b6b9ca52f35e022a/pywin32-311-cp313-cp313-win_arm64.whl", hash = "sha256:7b4075d959648406202d92a2310cb990fea19b535c7f4a78d3f5e10b926eeb8a", size = 8709318, upload-time = "2025-07-14T20:13:30.348Z" },
]

[[package]]
name = "shiboken6"
version = "6.10.2"
source = { registry = "https://pypi.org/simple" }
wheels = [
    { url = "https://files.pythonhosted.org/packages/fb/38/3912eb08a3b865b5fcdb4bdce8076cacc211986cee587f5cb62e637791af/shiboken6-6.10.2-cp39-abi3-macosx_13_0_universal2.whl", hash = "sha256:3bd4e94e9a3c8c1fa8362fd752d399ef39265d5264e4e37bae61cdaa2a00c8c7", size = 479829, upload-time = "2026-02-02T08:50:22.495Z" },
    { url = "https://files.pythonhosted.org/packages/52/88/292e0576489c46624ab419ee284ac5a59ae10e2eb34a58b6abca51dfd290/shiboken6-6.10.2-cp39-abi3-manylinux_2_34_x86_64.whl", hash = "sha256:ace0790032d9cb0adda644b94ee28d59410180d9773643bb6cf8438c361987ad", size = 273052, upload-time = "2026-02-02T08:50:24.539Z" },
    { url = "https://files.pythonhosted.org/packages/06/c2/03d44d34e8264e1f25671677fece95b414c70fd85dcc2be8d5e821ee2628/shiboken6-6.10.2-cp39-abi3-manylinux_2_39_aarch64.whl", hash = "sha256:f74d3ed1f92658077d0630c39e694eb043aeb1d830a5d275176c45d07147427f", size = 269868, upload-time = "2026-02-02T08:50:25.662Z" },
    { url = "https://files.pythonhosted.org/packages/71/5d/5ca52c0ef86b3d01572131b6709bd531a080995f7e680720e9424328ce1d/shiboken6-6.10.2-cp39-abi3-win_amd64.whl", hash = "sha256:10f3c8c5e1b8bee779346f21c10dbc14cff068f0b0b4e62420c82a6bf36ac2e7", size = 1222052, upload-time = "2026-02-02T08:50:27.502Z" },
    { url = "https://files.pythonhosted.org/packages/46/52/421fd378313c89b67ee7d584bf4e9ec088fa1804891b8d74e02b16703457/shiboken6-6.10.2-cp39-abi3-win_arm64.whl", hash = "sha256:20c671645d70835af212ee05df60361d734c5305edb2746e9875c6a31283f963", size = 1784089, upload-time = "2026-02-02T08:50:29.069Z" },
]
